// !$*UTF8*$!
{
	archiveVersion = 1;
	classes = {
	};
	objectVersion = 55;
	objects = {

/* Begin PBXBuildFile section */
		F0925074270E56A2008ACD2F /* FruitzApp.swift in Sources */ = {isa = PBXBuildFile; fileRef = F0925073270E56A2008ACD2F /* FruitzApp.swift */; };
		F0925076270E56A2008ACD2F /* ContentView.swift in Sources */ = {isa = PBXBuildFile; fileRef = F0925075270E56A2008ACD2F /* ContentView.swift */; };
		F0925078270E56A5008ACD2F /* Assets.xcassets in Resources */ = {isa = PBXBuildFile; fileRef = F0925077270E56A5008ACD2F /* Assets.xcassets */; };
		F092507B270E56A5008ACD2F /* Preview Assets.xcassets in Resources */ = {isa = PBXBuildFile; fileRef = F092507A270E56A5008ACD2F /* Preview Assets.xcassets */; };
		F0925085270E56A5008ACD2F /* FruitzTests.swift in Sources */ = {isa = PBXBuildFile; fileRef = F0925084270E56A5008ACD2F /* FruitzTests.swift */; };
		F092508F270E56A5008ACD2F /* FruitzUITests.swift in Sources */ = {isa = PBXBuildFile; fileRef = F092508E270E56A5008ACD2F /* FruitzUITests.swift */; };
		F0925091270E56A5008ACD2F /* FruitzUITestsLaunchTests.swift in Sources */ = {isa = PBXBuildFile; fileRef = F0925090270E56A5008ACD2F /* FruitzUITestsLaunchTests.swift */; };
/* End PBXBuildFile section */

/* Begin PBXContainerItemProxy section */
		F0925081270E56A5008ACD2F /* PBXContainerItemProxy */ = {
			isa = PBXContainerItemProxy;
			containerPortal = F0925068270E56A2008ACD2F /* Project object */;
			proxyType = 1;
			remoteGlobalIDString = F092506F270E56A2008ACD2F;
			remoteInfo = Fruitz;
		};
		F092508B270E56A5008ACD2F /* PBXContainerItemProxy */ = {
			isa = PBXContainerItemProxy;
			containerPortal = F0925068270E56A2008ACD2F /* Project object */;
			proxyType = 1;
			remoteGlobalIDString = F092506F270E56A2008ACD2F;
			remoteInfo = Fruitz;
		};
/* End PBXContainerItemProxy section */

/* Begin PBXFileReference section */
		F0925070270E56A2008ACD2F /* Fruitz.app */ = {isa = PBXFileReference; explicitFileType = wrapper.application; includeInIndex = 0; path = Fruitz.app; sourceTree = BUILT_PRODUCTS_DIR; };
		F0925073270E56A2008ACD2F /* FruitzApp.swift */ = {isa = PBXFileReference; lastKnownFileType = sourcecode.swift; path = FruitzApp.swift; sourceTree = "<group>"; };
		F0925075270E56A2008ACD2F /* ContentView.swift */ = {isa = PBXFileReference; lastKnownFileType = sourcecode.swift; path = ContentView.swift; sourceTree = "<group>"; };
		F0925077270E56A5008ACD2F /* Assets.xcassets */ = {isa = PBXFileReference; lastKnownFileType = folder.assetcatalog; path = Assets.xcassets; sourceTree = "<group>"; };
		F092507A270E56A5008ACD2F /* Preview Assets.xcassets */ = {isa = PBXFileReference; lastKnownFileType = folder.assetcatalog; path = "Preview Assets.xcassets"; sourceTree = "<group>"; };
		F0925080270E56A5008ACD2F /* FruitzTests.xctest */ = {isa = PBXFileReference; explicitFileType = wrapper.cfbundle; includeInIndex = 0; path = FruitzTests.xctest; sourceTree = BUILT_PRODUCTS_DIR; };
		F0925084270E56A5008ACD2F /* FruitzTests.swift */ = {isa = PBXFileReference; lastKnownFileType = sourcecode.swift; path = FruitzTests.swift; sourceTree = "<group>"; };
		F092508A270E56A5008ACD2F /* FruitzUITests.xctest */ = {isa = PBXFileReference; explicitFileType = wrapper.cfbundle; includeInIndex = 0; path = FruitzUITests.xctest; sourceTree = BUILT_PRODUCTS_DIR; };
		F092508E270E56A5008ACD2F /* FruitzUITests.swift */ = {isa = PBXFileReference; lastKnownFileType = sourcecode.swift; path = FruitzUITests.swift; sourceTree = "<group>"; };
		F0925090270E56A5008ACD2F /* FruitzUITestsLaunchTests.swift */ = {isa = PBXFileReference; lastKnownFileType = sourcecode.swift; path = FruitzUITestsLaunchTests.swift; sourceTree = "<group>"; };
/* End PBXFileReference section */

/* Begin PBXFrameworksBuildPhase section */
		F092506D270E56A2008ACD2F /* Frameworks */ = {
			isa = PBXFrameworksBuildPhase;
			buildActionMask = 2147483647;
			files = (
			);
			runOnlyForDeploymentPostprocessing = 0;
		};
		F092507D270E56A5008ACD2F /* Frameworks */ = {
			isa = PBXFrameworksBuildPhase;
			buildActionMask = 2147483647;
			files = (
			);
			runOnlyForDeploymentPostprocessing = 0;
		};
		F0925087270E56A5008ACD2F /* Frameworks */ = {
			isa = PBXFrameworksBuildPhase;
			buildActionMask = 2147483647;
			files = (
			);
			runOnlyForDeploymentPostprocessing = 0;
		};
/* End PBXFrameworksBuildPhase section */

/* Begin PBXGroup section */
		F0925067270E56A2008ACD2F = {
			isa = PBXGroup;
			children = (
				F0925072270E56A2008ACD2F /* Fruitz */,
				F0925083270E56A5008ACD2F /* FruitzTests */,
				F092508D270E56A5008ACD2F /* FruitzUITests */,
				F0925071270E56A2008ACD2F /* Products */,
			);
			sourceTree = "<group>";
		};
		F0925071270E56A2008ACD2F /* Products */ = {
			isa = PBXGroup;
			children = (
				F0925070270E56A2008ACD2F /* Fruitz.app */,
				F0925080270E56A5008ACD2F /* FruitzTests.xctest */,
				F092508A270E56A5008ACD2F /* FruitzUITests.xctest */,
			);
			name = Products;
			sourceTree = "<group>";
		};
		F0925072270E56A2008ACD2F /* Fruitz */ = {
			isa = PBXGroup;
			children = (
				F0925073270E56A2008ACD2F /* FruitzApp.swift */,
				F0925075270E56A2008ACD2F /* ContentView.swift */,
				F0925077270E56A5008ACD2F /* Assets.xcassets */,
				F0925079270E56A5008ACD2F /* Preview Content */,
			);
			path = Fruitz;
			sourceTree = "<group>";
		};
		F0925079270E56A5008ACD2F /* Preview Content */ = {
			isa = PBXGroup;
			children = (
				F092507A270E56A5008ACD2F /* Preview Assets.xcassets */,
			);
			path = "Preview Content";
			sourceTree = "<group>";
		};
		F0925083270E56A5008ACD2F /* FruitzTests */ = {
			isa = PBXGroup;
			children = (
				F0925084270E56A5008ACD2F /* FruitzTests.swift */,
			);
			path = FruitzTests;
			sourceTree = "<group>";
		};
		F092508D270E56A5008ACD2F /* FruitzUITests */ = {
			isa = PBXGroup;
			children = (
				F092508E270E56A5008ACD2F /* FruitzUITests.swift */,
				F0925090270E56A5008ACD2F /* FruitzUITestsLaunchTests.swift */,
			);
			path = FruitzUITests;
			sourceTree = "<group>";
		};
/* End PBXGroup section */

/* Begin PBXNativeTarget section */
		F092506F270E56A2008ACD2F /* Fruitz */ = {
			isa = PBXNativeTarget;
			buildConfigurationList = F0925094270E56A5008ACD2F /* Build configuration list for PBXNativeTarget "Fruitz" */;
			buildPhases = (
				F092506C270E56A2008ACD2F /* Sources */,
				F092506D270E56A2008ACD2F /* Frameworks */,
				F092506E270E56A2008ACD2F /* Resources */,
			);
			buildRules = (
			);
			dependencies = (
			);
			name = Fruitz;
			productName = Fruitz;
			productReference = F0925070270E56A2008ACD2F /* Fruitz.app */;
			productType = "com.apple.product-type.application";
		};
		F092507F270E56A5008ACD2F /* FruitzTests */ = {
			isa = PBXNativeTarget;
			buildConfigurationList = F0925097270E56A5008ACD2F /* Build configuration list for PBXNativeTarget "FruitzTests" */;
			buildPhases = (
				F092507C270E56A5008ACD2F /* Sources */,
				F092507D270E56A5008ACD2F /* Frameworks */,
				F092507E270E56A5008ACD2F /* Resources */,
			);
			buildRules = (
			);
			dependencies = (
				F0925082270E56A5008ACD2F /* PBXTargetDependency */,
			);
			name = FruitzTests;
			productName = FruitzTests;
			productReference = F0925080270E56A5008ACD2F /* FruitzTests.xctest */;
			productType = "com.apple.product-type.bundle.unit-test";
		};
		F0925089270E56A5008ACD2F /* FruitzUITests */ = {
			isa = PBXNativeTarget;
			buildConfigurationList = F092509A270E56A5008ACD2F /* Build configuration list for PBXNativeTarget "FruitzUITests" */;
			buildPhases = (
				F0925086270E56A5008ACD2F /* Sources */,
				F0925087270E56A5008ACD2F /* Frameworks */,
				F0925088270E56A5008ACD2F /* Resources */,
			);
			buildRules = (
			);
			dependencies = (
				F092508C270E56A5008ACD2F /* PBXTargetDependency */,
			);
			name = FruitzUITests;
			productName = FruitzUITests;
			productReference = F092508A270E56A5008ACD2F /* FruitzUITests.xctest */;
			productType = "com.apple.product-type.bundle.ui-testing";
		};
/* End PBXNativeTarget section */

/* Begin PBXProject section */
		F0925068270E56A2008ACD2F /* Project object */ = {
			isa = PBXProject;
			attributes = {
				BuildIndependentTargetsInParallel = 1;
				LastSwiftUpdateCheck = 1300;
				LastUpgradeCheck = 1300;
				TargetAttributes = {
					F092506F270E56A2008ACD2F = {
						CreatedOnToolsVersion = 13.0;
					};
					F092507F270E56A5008ACD2F = {
						CreatedOnToolsVersion = 13.0;
						TestTargetID = F092506F270E56A2008ACD2F;
					};
					F0925089270E56A5008ACD2F = {
						CreatedOnToolsVersion = 13.0;
						TestTargetID = F092506F270E56A2008ACD2F;
					};
				};
			};
			buildConfigurationList = F092506B270E56A2008ACD2F /* Build configuration list for PBXProject "Fruitz" */;
			compatibilityVersion = "Xcode 13.0";
			developmentRegion = en;
			hasScannedForEncodings = 0;
			knownRegions = (
				en,
				Base,
			);
			mainGroup = F0925067270E56A2008ACD2F;
			productRefGroup = F0925071270E56A2008ACD2F /* Products */;
			projectDirPath = "";
			projectRoot = "";
			targets = (
				F092506F270E56A2008ACD2F /* Fruitz */,
				F092507F270E56A5008ACD2F /* FruitzTests */,
				F0925089270E56A5008ACD2F /* FruitzUITests */,
			);
		};
/* End PBXProject section */

/* Begin PBXResourcesBuildPhase section */
		F092506E270E56A2008ACD2F /* Resources */ = {
			isa = PBXResourcesBuildPhase;
			buildActionMask = 2147483647;
			files = (
				F092507B270E56A5008ACD2F /* Preview Assets.xcassets in Resources */,
				F0925078270E56A5008ACD2F /* Assets.xcassets in Resources */,
			);
			runOnlyForDeploymentPostprocessing = 0;
		};
		F092507E270E56A5008ACD2F /* Resources */ = {
			isa = PBXResourcesBuildPhase;
			buildActionMask = 2147483647;
			files = (
			);
			runOnlyForDeploymentPostprocessing = 0;
		};
		F0925088270E56A5008ACD2F /* Resources */ = {
			isa = PBXResourcesBuildPhase;
			buildActionMask = 2147483647;
			files = (
			);
			runOnlyForDeploymentPostprocessing = 0;
		};
/* End PBXResourcesBuildPhase section */

/* Begin PBXSourcesBuildPhase section */
		F092506C270E56A2008ACD2F /* Sources */ = {
			isa = PBXSourcesBuildPhase;
			buildActionMask = 2147483647;
			files = (
				F0925076270E56A2008ACD2F /* ContentView.swift in Sources */,
				F0925074270E56A2008ACD2F /* FruitzApp.swift in Sources */,
			);
			runOnlyForDeploymentPostprocessing = 0;
		};
		F092507C270E56A5008ACD2F /* Sources */ = {
			isa = PBXSourcesBuildPhase;
			buildActionMask = 2147483647;
			files = (
				F0925085270E56A5008ACD2F /* FruitzTests.swift in Sources */,
			);
			runOnlyForDeploymentPostprocessing = 0;
		};
		F0925086270E56A5008ACD2F /* Sources */ = {
			isa = PBXSourcesBuildPhase;
			buildActionMask = 2147483647;
			files = (
				F0925091270E56A5008ACD2F /* FruitzUITestsLaunchTests.swift in Sources */,
				F092508F270E56A5008ACD2F /* FruitzUITests.swift in Sources */,
			);
			runOnlyForDeploymentPostprocessing = 0;
		};
/* End PBXSourcesBuildPhase section */

/* Begin PBXTargetDependency section */
		F0925082270E56A5008ACD2F /* PBXTargetDependency */ = {
			isa = PBXTargetDependency;
			target = F092506F270E56A2008ACD2F /* Fruitz */;
			targetProxy = F0925081270E56A5008ACD2F /* PBXContainerItemProxy */;
		};
		F092508C270E56A5008ACD2F /* PBXTargetDependency */ = {
			isa = PBXTargetDependency;
			target = F092506F270E56A2008ACD2F /* Fruitz */;
			targetProxy = F092508B270E56A5008ACD2F /* PBXContainerItemProxy */;
		};
/* End PBXTargetDependency section */

/* Begin XCBuildConfiguration section */
		F0925092270E56A5008ACD2F /* Debug */ = {
			isa = XCBuildConfiguration;
			buildSettings = {
				ALWAYS_SEARCH_USER_PATHS = NO;
				CLANG_ANALYZER_NONNULL = YES;
				CLANG_ANALYZER_NUMBER_OBJECT_CONVERSION = YES_AGGRESSIVE;
				CLANG_CXX_LANGUAGE_STANDARD = "gnu++17";
				CLANG_CXX_LIBRARY = "libc++";
				CLANG_ENABLE_MODULES = YES;
				CLANG_ENABLE_OBJC_ARC = YES;
				CLANG_ENABLE_OBJC_WEAK = YES;
				CLANG_WARN_BLOCK_CAPTURE_AUTORELEASING = YES;
				CLANG_WARN_BOOL_CONVERSION = YES;
				CLANG_WARN_COMMA = YES;
				CLANG_WARN_CONSTANT_CONVERSION = YES;
				CLANG_WARN_DEPRECATED_OBJC_IMPLEMENTATIONS = YES;
				CLANG_WARN_DIRECT_OBJC_ISA_USAGE = YES_ERROR;
				CLANG_WARN_DOCUMENTATION_COMMENTS = YES;
				CLANG_WARN_EMPTY_BODY = YES;
				CLANG_WARN_ENUM_CONVERSION = YES;
				CLANG_WARN_INFINITE_RECURSION = YES;
				CLANG_WARN_INT_CONVERSION = YES;
				CLANG_WARN_NON_LITERAL_NULL_CONVERSION = YES;
				CLANG_WARN_OBJC_IMPLICIT_RETAIN_SELF = YES;
				CLANG_WARN_OBJC_LITERAL_CONVERSION = YES;
				CLANG_WARN_OBJC_ROOT_CLASS = YES_ERROR;
				CLANG_WARN_QUOTED_INCLUDE_IN_FRAMEWORK_HEADER = YES;
				CLANG_WARN_RANGE_LOOP_ANALYSIS = YES;
				CLANG_WARN_STRICT_PROTOTYPES = YES;
				CLANG_WARN_SUSPICIOUS_MOVE = YES;
				CLANG_WARN_UNGUARDED_AVAILABILITY = YES_AGGRESSIVE;
				CLANG_WARN_UNREACHABLE_CODE = YES;
				CLANG_WARN__DUPLICATE_METHOD_MATCH = YES;
				COPY_PHASE_STRIP = NO;
				DEBUG_INFORMATION_FORMAT = dwarf;
				ENABLE_STRICT_OBJC_MSGSEND = YES;
				ENABLE_TESTABILITY = YES;
				GCC_C_LANGUAGE_STANDARD = gnu11;
				GCC_DYNAMIC_NO_PIC = NO;
				GCC_NO_COMMON_BLOCKS = YES;
				GCC_OPTIMIZATION_LEVEL = 0;
				GCC_PREPROCESSOR_DEFINITIONS = (
					"DEBUG=1",
					"$(inherited)",
				);
				GCC_WARN_64_TO_32_BIT_CONVERSION = YES;
				GCC_WARN_ABOUT_RETURN_TYPE = YES_ERROR;
				GCC_WARN_UNDECLARED_SELECTOR = YES;
				GCC_WARN_UNINITIALIZED_AUTOS = YES_AGGRESSIVE;
				GCC_WARN_UNUSED_FUNCTION = YES;
				GCC_WARN_UNUSED_VARIABLE = YES;
				IPHONEOS_DEPLOYMENT_TARGET = 15.0;
				MTL_ENABLE_DEBUG_INFO = INCLUDE_SOURCE;
				MTL_FAST_MATH = YES;
				ONLY_ACTIVE_ARCH = YES;
				SDKROOT = iphoneos;
				SWIFT_ACTIVE_COMPILATION_CONDITIONS = DEBUG;
				SWIFT_OPTIMIZATION_LEVEL = "-Onone";
			};
			name = Debug;
		};
		F0925093270E56A5008ACD2F /* Release */ = {
			isa = XCBuildConfiguration;
			buildSettings = {
				ALWAYS_SEARCH_USER_PATHS = NO;
				CLANG_ANALYZER_NONNULL = YES;
				CLANG_ANALYZER_NUMBER_OBJECT_CONVERSION = YES_AGGRESSIVE;
				CLANG_CXX_LANGUAGE_STANDARD = "gnu++17";
				CLANG_CXX_LIBRARY = "libc++";
				CLANG_ENABLE_MODULES = YES;
				CLANG_ENABLE_OBJC_ARC = YES;
				CLANG_ENABLE_OBJC_WEAK = YES;
				CLANG_WARN_BLOCK_CAPTURE_AUTORELEASING = YES;
				CLANG_WARN_BOOL_CONVERSION = YES;
				CLANG_WARN_COMMA = YES;
				CLANG_WARN_CONSTANT_CONVERSION = YES;
				CLANG_WARN_DEPRECATED_OBJC_IMPLEMENTATIONS = YES;
				CLANG_WARN_DIRECT_OBJC_ISA_USAGE = YES_ERROR;
				CLANG_WARN_DOCUMENTATION_COMMENTS = YES;
				CLANG_WARN_EMPTY_BODY = YES;
				CLANG_WARN_ENUM_CONVERSION = YES;
				CLANG_WARN_INFINITE_RECURSION = YES;
				CLANG_WARN_INT_CONVERSION = YES;
				CLANG_WARN_NON_LITERAL_NULL_CONVERSION = YES;
				CLANG_WARN_OBJC_IMPLICIT_RETAIN_SELF = YES;
				CLANG_WARN_OBJC_LITERAL_CONVERSION = YES;
				CLANG_WARN_OBJC_ROOT_CLASS = YES_ERROR;
				CLANG_WARN_QUOTED_INCLUDE_IN_FRAMEWORK_HEADER = YES;
				CLANG_WARN_RANGE_LOOP_ANALYSIS = YES;
				CLANG_WARN_STRICT_PROTOTYPES = YES;
				CLANG_WARN_SUSPICIOUS_MOVE = YES;
				CLANG_WARN_UNGUARDED_AVAILABILITY = YES_AGGRESSIVE;
				CLANG_WARN_UNREACHABLE_CODE = YES;
				CLANG_WARN__DUPLICATE_METHOD_MATCH = YES;
				COPY_PHASE_STRIP = NO;
				DEBUG_INFORMATION_FORMAT = "dwarf-with-dsym";
				ENABLE_NS_ASSERTIONS = NO;
				ENABLE_STRICT_OBJC_MSGSEND = YES;
				GCC_C_LANGUAGE_STANDARD = gnu11;
				GCC_NO_COMMON_BLOCKS = YES;
				GCC_WARN_64_TO_32_BIT_CONVERSION = YES;
				GCC_WARN_ABOUT_RETURN_TYPE = YES_ERROR;
				GCC_WARN_UNDECLARED_SELECTOR = YES;
				GCC_WARN_UNINITIALIZED_AUTOS = YES_AGGRESSIVE;
				GCC_WARN_UNUSED_FUNCTION = YES;
				GCC_WARN_UNUSED_VARIABLE = YES;
				IPHONEOS_DEPLOYMENT_TARGET = 15.0;
				MTL_ENABLE_DEBUG_INFO = NO;
				MTL_FAST_MATH = YES;
				SDKROOT = iphoneos;
				SWIFT_COMPILATION_MODE = wholemodule;
				SWIFT_OPTIMIZATION_LEVEL = "-O";
				VALIDATE_PRODUCT = YES;
			};
			name = Release;
		};
		F0925095270E56A5008ACD2F /* Debug */ = {
			isa = XCBuildConfiguration;
			buildSettings = {
				ASSETCATALOG_COMPILER_APPICON_NAME = AppIcon;
				ASSETCATALOG_COMPILER_GLOBAL_ACCENT_COLOR_NAME = AccentColor;
				CODE_SIGN_STYLE = Automatic;
				CURRENT_PROJECT_VERSION = 1;
				DEVELOPMENT_ASSET_PATHS = "\"Fruitz/Preview Content\"";
				DEVELOPMENT_TEAM = BW6HZA663P;
				ENABLE_PREVIEWS = YES;
				GENERATE_INFOPLIST_FILE = YES;
				INFOPLIST_KEY_UIApplicationSceneManifest_Generation = YES;
				INFOPLIST_KEY_UIApplicationSupportsIndirectInputEvents = YES;
				INFOPLIST_KEY_UILaunchScreen_Generation = YES;
				INFOPLIST_KEY_UISupportedInterfaceOrientations_iPad = "UIInterfaceOrientationPortrait UIInterfaceOrientationPortraitUpsideDown UIInterfaceOrientationLandscapeLeft UIInterfaceOrientationLandscapeRight";
				INFOPLIST_KEY_UISupportedInterfaceOrientations_iPhone = "UIInterfaceOrientationPortrait UIInterfaceOrientationLandscapeLeft UIInterfaceOrientationLandscapeRight";
				IPHONEOS_DEPLOYMENT_TARGET = 14.0;
				LD_RUNPATH_SEARCH_PATHS = (
					"$(inherited)",
					"@executable_path/Frameworks",
				);
				MARKETING_VERSION = 1.0;
				PRODUCT_BUNDLE_IDENTIFIER = Berkat.Fruitz;
				PRODUCT_NAME = "$(TARGET_NAME)";
				SWIFT_EMIT_LOC_STRINGS = YES;
				SWIFT_VERSION = 5.0;
				TARGETED_DEVICE_FAMILY = "1,2";
			};
			name = Debug;
		};
		F0925096270E56A5008ACD2F /* Release */ = {
			isa = XCBuildConfiguration;
			buildSettings = {
				ASSETCATALOG_COMPILER_APPICON_NAME = AppIcon;
				ASSETCATALOG_COMPILER_GLOBAL_ACCENT_COLOR_NAME = AccentColor;
				CODE_SIGN_STYLE = Automatic;
				CURRENT_PROJECT_VERSION = 1;
				DEVELOPMENT_ASSET_PATHS = "\"Fruitz/Preview Content\"";
				DEVELOPMENT_TEAM = BW6HZA663P;
				ENABLE_PREVIEWS = YES;
				GENERATE_INFOPLIST_FILE = YES;
				INFOPLIST_KEY_UIApplicationSceneManifest_Generation = YES;
				INFOPLIST_KEY_UIApplicationSupportsIndirectInputEvents = YES;
				INFOPLIST_KEY_UILaunchScreen_Generation = YES;
				INFOPLIST_KEY_UISupportedInterfaceOrientations_iPad = "UIInterfaceOrientationPortrait UIInterfaceOrientationPortraitUpsideDown UIInterfaceOrientationLandscapeLeft UIInterfaceOrientationLandscapeRight";
				INFOPLIST_KEY_UISupportedInterfaceOrientations_iPhone = "UIInterfaceOrientationPortrait UIInterfaceOrientationLandscapeLeft UIInterfaceOrientationLandscapeRight";
				IPHONEOS_DEPLOYMENT_TARGET = 14.0;
				LD_RUNPATH_SEARCH_PATHS = (
					"$(inherited)",
					"@executable_path/Frameworks",
				);
				MARKETING_VERSION = 1.0;
				PRODUCT_BUNDLE_IDENTIFIER = Berkat.Fruitz;
				PRODUCT_NAME = "$(TARGET_NAME)";
				SWIFT_EMIT_LOC_STRINGS = YES;
				SWIFT_VERSION = 5.0;
				TARGETED_DEVICE_FAMILY = "1,2";
			};
			name = Release;
		};
		F0925098270E56A5008ACD2F /* Debug */ = {
			isa = XCBuildConfiguration;
			buildSettings = {
				ALWAYS_EMBED_SWIFT_STANDARD_LIBRARIES = YES;
				BUNDLE_LOADER = "$(TEST_HOST)";
				CODE_SIGN_STYLE = Automatic;
				CURRENT_PROJECT_VERSION = 1;
				DEVELOPMENT_TEAM = BW6HZA663P;
				GENERATE_INFOPLIST_FILE = YES;
				IPHONEOS_DEPLOYMENT_TARGET = 14.0;
				LD_RUNPATH_SEARCH_PATHS = (
					"$(inherited)",
					"@executable_path/Frameworks",
					"@loader_path/Frameworks",
				);
				MARKETING_VERSION = 1.0;
				PRODUCT_BUNDLE_IDENTIFIER = Berkat.FruitzTests;
				PRODUCT_NAME = "$(TARGET_NAME)";
				SWIFT_EMIT_LOC_STRINGS = NO;
				SWIFT_VERSION = 5.0;
				TARGETED_DEVICE_FAMILY = "1,2";
				TEST_HOST = "$(BUILT_PRODUCTS_DIR)/Fruitz.app/Fruitz";
			};
			name = Debug;
		};
		F0925099270E56A5008ACD2F /* Release */ = {
			isa = XCBuildConfiguration;
			buildSettings = {
				ALWAYS_EMBED_SWIFT_STANDARD_LIBRARIES = YES;
				BUNDLE_LOADER = "$(TEST_HOST)";
				CODE_SIGN_STYLE = Automatic;
				CURRENT_PROJECT_VERSION = 1;
				DEVELOPMENT_TEAM = BW6HZA663P;
				GENERATE_INFOPLIST_FILE = YES;
				IPHONEOS_DEPLOYMENT_TARGET = 14.0;
				LD_RUNPATH_SEARCH_PATHS = (
					"$(inherited)",
					"@executable_path/Frameworks",
					"@loader_path/Frameworks",
				);
				MARKETING_VERSION = 1.0;
				PRODUCT_BUNDLE_IDENTIFIER = Berkat.FruitzTests;
				PRODUCT_NAME = "$(TARGET_NAME)";
				SWIFT_EMIT_LOC_STRINGS = NO;
				SWIFT_VERSION = 5.0;
				TARGETED_DEVICE_FAMILY = "1,2";
				TEST_HOST = "$(BUILT_PRODUCTS_DIR)/Fruitz.app/Fruitz";
			};
			name = Release;
		};
		F092509B270E56A5008ACD2F /* Debug */ = {
			isa = XCBuildConfiguration;
			buildSettings = {
				ALWAYS_EMBED_SWIFT_STANDARD_LIBRARIES = YES;
				CODE_SIGN_STYLE = Automatic;
				CURRENT_PROJECT_VERSION = 1;
				DEVELOPMENT_TEAM = BW6HZA663P;
				GENERATE_INFOPLIST_FILE = YES;
				LD_RUNPATH_SEARCH_PATHS = (
					"$(inherited)",
					"@executable_path/Frameworks",
					"@loader_path/Frameworks",
				);
				MARKETING_VERSION = 1.0;
				PRODUCT_BUNDLE_IDENTIFIER = Berkat.FruitzUITests;
				PRODUCT_NAME = "$(TARGET_NAME)";
				SWIFT_EMIT_LOC_STRINGS = NO;
				SWIFT_VERSION = 5.0;
				TARGETED_DEVICE_FAMILY = "1,2";
				TEST_TARGET_NAME = Fruitz;
			};
			name = Debug;
		};
		F092509C270E56A5008ACD2F /* Release */ = {
			isa = XCBuildConfiguration;
			buildSettings = {
				ALWAYS_EMBED_SWIFT_STANDARD_LIBRARIES = YES;
				CODE_SIGN_STYLE = Automatic;
				CURRENT_PROJECT_VERSION = 1;
				DEVELOPMENT_TEAM = BW6HZA663P;
				GENERATE_INFOPLIST_FILE = YES;
				LD_RUNPATH_SEARCH_PATHS = (
					"$(inherited)",
					"@executable_path/Frameworks",
					"@loader_path/Frameworks",
				);
				MARKETING_VERSION = 1.0;
				PRODUCT_BUNDLE_IDENTIFIER = Berkat.FruitzUITests;
				PRODUCT_NAME = "$(TARGET_NAME)";
				SWIFT_EMIT_LOC_STRINGS = NO;
				SWIFT_VERSION = 5.0;
				TARGETED_DEVICE_FAMILY = "1,2";
				TEST_TARGET_NAME = Fruitz;
			};
			name = Release;
		};
/* End XCBuildConfiguration section */

/* Begin XCConfigurationList section */
		F092506B270E56A2008ACD2F /* Build configuration list for PBXProject "Fruitz" */ = {
			isa = XCConfigurationList;
			buildConfigurations = (
				F0925092270E56A5008ACD2F /* Debug */,
				F0925093270E56A5008ACD2F /* Release */,
			);
			defaultConfigurationIsVisible = 0;
			defaultConfigurationName = Release;
		};
		F0925094270E56A5008ACD2F /* Build configuration list for PBXNativeTarget "Fruitz" */ = {
			isa = XCConfigurationList;
			buildConfigurations = (
				F0925095270E56A5008ACD2F /* Debug */,
				F0925096270E56A5008ACD2F /* Release */,
			);
			defaultConfigurationIsVisible = 0;
			defaultConfigurationName = Release;
		};
		F0925097270E56A5008ACD2F /* Build configuration list for PBXNativeTarget "FruitzTests" */ = {
			isa = XCConfigurationList;
			buildConfigurations = (
				F0925098270E56A5008ACD2F /* Debug */,
				F0925099270E56A5008ACD2F /* Release */,
			);
			defaultConfigurationIsVisible = 0;
			defaultConfigurationName = Release;
		};
		F092509A270E56A5008ACD2F /* Build configuration list for PBXNativeTarget "FruitzUITests" */ = {
			isa = XCConfigurationList;
			buildConfigurations = (
				F092509B270E56A5008ACD2F /* Debug */,
				F092509C270E56A5008ACD2F /* Release */,
			);
			defaultConfigurationIsVisible = 0;
			defaultConfigurationName = Release;
		};
/* End XCConfigurationList section */
	};
	rootObject = F0925068270E56A2008ACD2F /* Project object */;
}
